Microsoft Visual Studio Solution File, Format Version 12.00
# Visual Studio Version 17
VisualStudioVersion = 17.5.2.0
MinimumVisualStudioVersion = 10.0.40219.1
Project("{FAE04EC0-301F-11D3-BF4B-00C04F79EFBC}") = "AlgoritmosGraficar", "AlgoritmosGraficar.csproj", "{0485C899-7A81-04BB-DFF7-C3BF6B6E41A0}"
EndProject
Global
	GlobalSection(SolutionConfigurationPlatforms) = preSolution
		Debug|Any CPU = Debug|Any CPU
		Release|Any CPU = Release|Any CPU
	EndGlobalSection
	GlobalSection(ProjectConfigurationPlatforms) = postSolution
		{0485C899-7A81-04BB-DFF7-C3BF6B6E41A0}.Debug|Any CPU.ActiveCfg = Debug|Any CPU
		{0485C899-7A81-04BB-DFF7-C3BF6B6E41A0}.Debug|Any CPU.Build.0 = Debug|Any CPU
		{0485C899-7A81-04BB-DFF7-C3BF6B6E41A0}.Release|Any CPU.ActiveCfg = Release|Any CPU
		{0485C899-7A81-04BB-DFF7-C3BF6B6E41A0}.Release|Any CPU.Build.0 = Release|Any CPU
	EndGlobalSection
	GlobalSection(SolutionProperties) = preSolution
		HideSolutionNode = FALSE
	EndGlobalSection
	GlobalSection(ExtensibilityGlobals) = postSolution
		SolutionGuid = {40E2C4A0-C6D2-49AF-9ECE-B65C95013323}
	EndGlobalSection
EndGlobal
