
Microsoft Visual Studio Solution File, Format Version 12.00
# Visual Studio Version 17
VisualStudioVersion = 17.13.35931.197 d17.13
MinimumVisualStudioVersion = 10.0.40219.1
Project("{FAE04EC0-301F-11D3-BF4B-00C04F79EFBC}") = "Padre_Hijo", "Padre_Hijo\Padre_Hijo.csproj", "{C60272C0-E8A8-4343-8C5C-214F735C2C48}"
EndProject
Global
	GlobalSection(SolutionConfigurationPlatforms) = preSolution
		Debug|Any CPU = Debug|Any CPU
		Release|Any CPU = Release|Any CPU
	EndGlobalSection
	GlobalSection(ProjectConfigurationPlatforms) = postSolution
		{C60272C0-E8A8-4343-8C5C-214F735C2C48}.Debug|Any CPU.ActiveCfg = Debug|Any CPU
		{C60272C0-E8A8-4343-8C5C-214F735C2C48}.Debug|Any CPU.Build.0 = Debug|Any CPU
		{C60272C0-E8A8-4343-8C5C-214F735C2C48}.Release|Any CPU.ActiveCfg = Release|Any CPU
		{C60272C0-E8A8-4343-8C5C-214F735C2C48}.Release|Any CPU.Build.0 = Release|Any CPU
	EndGlobalSection
	GlobalSection(SolutionProperties) = preSolution
		HideSolutionNode = FALSE
	EndGlobalSection
	GlobalSection(ExtensibilityGlobals) = postSolution
		SolutionGuid = {AC8A0AF5-E1C3-4122-86C2-BEED39E8F482}
	EndGlobalSection
EndGlobal
