
Microsoft Visual Studio Solution File, Format Version 12.00
# Visual Studio Version 17
VisualStudioVersion = 17.13.35931.197 d17.13
MinimumVisualStudioVersion = 10.0.40219.1
Project("{FAE04EC0-301F-11D3-BF4B-00C04F79EFBC}") = "Cut_Algorithms", "Cut_Algorithms\Cut_Algorithms.csproj", "{CE2B595C-3B49-4C74-AF59-E1CFE683E78B}"
EndProject
Global
	GlobalSection(SolutionConfigurationPlatforms) = preSolution
		Debug|Any CPU = Debug|Any CPU
		Release|Any CPU = Release|Any CPU
	EndGlobalSection
	GlobalSection(ProjectConfigurationPlatforms) = postSolution
		{CE2B595C-3B49-4C74-AF59-E1CFE683E78B}.Debug|Any CPU.ActiveCfg = Debug|Any CPU
		{CE2B595C-3B49-4C74-AF59-E1CFE683E78B}.Debug|Any CPU.Build.0 = Debug|Any CPU
		{CE2B595C-3B49-4C74-AF59-E1CFE683E78B}.Release|Any CPU.ActiveCfg = Release|Any CPU
		{CE2B595C-3B49-4C74-AF59-E1CFE683E78B}.Release|Any CPU.Build.0 = Release|Any CPU
	EndGlobalSection
	GlobalSection(SolutionProperties) = preSolution
		HideSolutionNode = FALSE
	EndGlobalSection
	GlobalSection(ExtensibilityGlobals) = postSolution
		SolutionGuid = {B5BE4AA6-AF90-4159-8549-BB857674BC99}
	EndGlobalSection
EndGlobal
